# THIS IS AN AUTOGENERATED FILE. DO NOT EDIT THIS FILE DIRECTLY.
# yarn lockfile v1


async-mutex@^0.3.2:
  version "0.3.2"
  resolved "https://registry.yarnpkg.com/async-mutex/-/async-mutex-0.3.2.tgz#1485eda5bda1b0ec7c8df1ac2e815757ad1831df"
  integrity sha512-HuTK7E7MT7jZEh1P9GtRW9+aTWiDWWi9InbZ5hjxrnRa39KS4BW04+xLBhYNS2aXhHUIKZSw3gj4Pn1pj+qGAA==
  dependencies:
    tslib "^2.3.1"

tslib@^2.3.1:
  version "2.4.0"
  resolved "https://registry.yarnpkg.com/tslib/-/tslib-2.4.0.tgz#7cecaa7f073ce680a05847aa77be941098f36dc3"
  integrity sha512-d6xOpEDfsi2CZVlPQzGeux8XMwLT9hssAsaPYExaQMuYskwb+x1x7J371tWlbBdWHroy99KnVB6qIkUbs5X3UQ==

z3-solver@^4.10.2:
  version "4.10.2"
  resolved "https://registry.yarnpkg.com/z3-solver/-/z3-solver-4.10.2.tgz#6ef10d3a858716278dc10207bacb046bbdb1233b"
  integrity sha512-G0XTycKdF5vOjucF/LdTOudTTVpslZHN9BXZbVT6G/0dH306y+zKo835MKlm4NayS3dAlgJREwFKpvFGsKq+kg==
  dependencies:
    async-mutex "^0.3.2"
